
Microsoft Visual Studio Solution File, Format Version 12.00
# Visual Studio Version 16
VisualStudioVersion = 16.0.30611.23
MinimumVisualStudioVersion = 10.0.40219.1
Project("{FAE04EC0-301F-11D3-BF4B-00C04F79EFBC}") = "MMandrade.Estudos.ImportarArquivo.ConsoleApp", "MMandrade.Estudos.ImportarArquivo.ConsoleApp\MMandrade.Estudos.ImportarArquivo.ConsoleApp.csproj", "{A0060BE8-48A8-4A10-BC01-EC4BA1B12ECE}"
EndProject
Global
	GlobalSection(SolutionConfigurationPlatforms) = preSolution
		Debug|Any CPU = Debug|Any CPU
		Release|Any CPU = Release|Any CPU
	EndGlobalSection
	GlobalSection(ProjectConfigurationPlatforms) = postSolution
		{A0060BE8-48A8-4A10-BC01-EC4BA1B12ECE}.Debug|Any CPU.ActiveCfg = Debug|Any CPU
		{A0060BE8-48A8-4A10-BC01-EC4BA1B12ECE}.Debug|Any CPU.Build.0 = Debug|Any CPU
		{A0060BE8-48A8-4A10-BC01-EC4BA1B12ECE}.Release|Any CPU.ActiveCfg = Release|Any CPU
		{A0060BE8-48A8-4A10-BC01-EC4BA1B12ECE}.Release|Any CPU.Build.0 = Release|Any CPU
	EndGlobalSection
	GlobalSection(SolutionProperties) = preSolution
		HideSolutionNode = FALSE
	EndGlobalSection
	GlobalSection(ExtensibilityGlobals) = postSolution
		SolutionGuid = {6E583C6F-9E13-4A2E-A2ED-AD8BE2CF59D7}
	EndGlobalSection
EndGlobal
